
Microsoft Visual Studio Solution File, Format Version 12.00
# Visual Studio Version 17
VisualStudioVersion = 17.5.33516.290
MinimumVisualStudioVersion = 10.0.40219.1
Project("{8BC9CEB8-8B4A-11D0-8D11-00A0C91BC942}") = "FirstSteps", "FirstSteps\FirstSteps.vcxproj", "{A89F662A-1255-4D66-B381-FB46B624B795}"
EndProject
Project("{2150E333-8FDC-42A3-9474-1A3956D46DE8}") = "Solution Items", "Solution Items", "{A13C8F71-7D73-440D-8321-793293730B10}"
	ProjectSection(SolutionItems) = preProject
		Array.png = Array.png
		Notes_01_Monday.txt = Notes_01_Monday.txt
		Notes_02_Tuesday.txt = Notes_02_Tuesday.txt
		Pointer.png = Pointer.png
		StackVsHeap.png = StackVsHeap.png
		Stack_01.png = Stack_01.png
		Stack_02.png = Stack_02.png
		Stack_03.png = Stack_03.png
	EndProjectSection
EndProject
Global
	GlobalSection(SolutionConfigurationPlatforms) = preSolution
		Debug|x64 = Debug|x64
		Debug|x86 = Debug|x86
		Release|x64 = Release|x64
		Release|x86 = Release|x86
	EndGlobalSection
	GlobalSection(ProjectConfigurationPlatforms) = postSolution
		{A89F662A-1255-4D66-B381-FB46B624B795}.Debug|x64.ActiveCfg = Debug|x64
		{A89F662A-1255-4D66-B381-FB46B624B795}.Debug|x64.Build.0 = Debug|x64
		{A89F662A-1255-4D66-B381-FB46B624B795}.Debug|x86.ActiveCfg = Debug|Win32
		{A89F662A-1255-4D66-B381-FB46B624B795}.Debug|x86.Build.0 = Debug|Win32
		{A89F662A-1255-4D66-B381-FB46B624B795}.Release|x64.ActiveCfg = Release|x64
		{A89F662A-1255-4D66-B381-FB46B624B795}.Release|x64.Build.0 = Release|x64
		{A89F662A-1255-4D66-B381-FB46B624B795}.Release|x86.ActiveCfg = Release|Win32
		{A89F662A-1255-4D66-B381-FB46B624B795}.Release|x86.Build.0 = Release|Win32
	EndGlobalSection
	GlobalSection(SolutionProperties) = preSolution
		HideSolutionNode = FALSE
	EndGlobalSection
	GlobalSection(ExtensibilityGlobals) = postSolution
		SolutionGuid = {DE149FE9-0230-4FEA-A0D9-EE87B6241BFF}
	EndGlobalSection
EndGlobal
